
Microsoft Visual Studio Solution File, Format Version 12.00
# Visual Studio Version 17
VisualStudioVersion = 17.6.33815.320
MinimumVisualStudioVersion = 10.0.40219.1
Project("{9A19103F-16F7-4668-BE54-9A1E7A4F7556}") = "Dp.Behavioral", "Dp.Behavioral\Dp.Behavioral.csproj", "{EC97222C-8145-4815-A086-D7E4EAEA3A65}"
EndProject
Project("{9A19103F-16F7-4668-BE54-9A1E7A4F7556}") = "Dp.Creational", "Dp.Creational\Dp.Creational.csproj", "{85878AF0-9787-4D36-B19F-7A706A4CBBC2}"
EndProject
Project("{9A19103F-16F7-4668-BE54-9A1E7A4F7556}") = "Dp.Structural", "Dp.Structural\Dp.Structural.csproj", "{D00E4C7E-D3CE-4C8B-AFCC-832D476CF066}"
EndProject
Project("{9A19103F-16F7-4668-BE54-9A1E7A4F7556}") = "Dp.Functional", "Dp.Functional\Dp.Functional.csproj", "{DDB41C6E-1E07-4A12-B254-DF52CD7E3EA6}"
EndProject
Project("{9A19103F-16F7-4668-BE54-9A1E7A4F7556}") = "Dp.Creational.UnitTests", "Dp.Creational.UnitTests\Dp.Creational.UnitTests.csproj", "{A7B14207-D499-4CF8-8D5B-B128B46AD40A}"
EndProject
Project("{2150E333-8FDC-42A3-9474-1A3956D46DE8}") = "Solution Items", "Solution Items", "{6CCE6926-E89A-473B-B25E-ABF107359849}"
	ProjectSection(SolutionItems) = preProject
		.editorconfig = .editorconfig
		.gitattributes = .gitattributes
		.gitignore = .gitignore
		Directory.Build.props = Directory.Build.props
		LICENSE.txt = LICENSE.txt
		README.md = README.md
	EndProjectSection
EndProject
Project("{9A19103F-16F7-4668-BE54-9A1E7A4F7556}") = "Dp.Creational.Singleton", "Dp.Creational.Singleton\Dp.Creational.Singleton.csproj", "{19998980-5D39-4E02-9998-FA10A7DDF1D7}"
EndProject
Project("{FAE04EC0-301F-11D3-BF4B-00C04F79EFBC}") = "Dp.Creational.Singleton.UnitTests", "Dp.Creational.Singleton.UnitTests\Dp.Creational.Singleton.UnitTests.csproj", "{AB77D76D-DE0C-4E8D-8308-153A17E31CDF}"
EndProject
Project("{FAE04EC0-301F-11D3-BF4B-00C04F79EFBC}") = "Dp.Creational.FactoryMethod", "Dp.Creational.FactoryMethod\Dp.Creational.FactoryMethod.csproj", "{CB3BD5EF-20EE-4E21-AE0A-8175B885855A}"
EndProject
Project("{FAE04EC0-301F-11D3-BF4B-00C04F79EFBC}") = "Dp.Creational.FactoryMethod.UnitTests", "Tests\Dp.Creational.FactoryMethod.UnitTests\Dp.Creational.FactoryMethod.UnitTests.csproj", "{A5F56825-9B1B-4531-B688-15EB6719D429}"
EndProject
Project("{FAE04EC0-301F-11D3-BF4B-00C04F79EFBC}") = "Dp.Creational.AbstractFactory", "Dp.Creational.AbstractFactory\Dp.Creational.AbstractFactory.csproj", "{0D0CDC07-4F28-4662-BCB5-DDF6E37A6115}"
EndProject
Project("{FAE04EC0-301F-11D3-BF4B-00C04F79EFBC}") = "Dp.Creational.AbstractFactory.UnitTests", "Tests\Dp.Creational.AbstractFactory.UnitTests\Dp.Creational.AbstractFactory.UnitTests.csproj", "{25DCCE3E-6035-4881-B96C-FF0986CFAE1D}"
EndProject
Project("{FAE04EC0-301F-11D3-BF4B-00C04F79EFBC}") = "Dp.Creational.Builder", "Dp.Creational.Builder\Dp.Creational.Builder.csproj", "{F5226252-2F1D-432D-A08B-779BB218EB90}"
EndProject
Project("{FAE04EC0-301F-11D3-BF4B-00C04F79EFBC}") = "Dp.Creational.Builder.UnitTests", "Tests\Dp.Creational.Builder.UnitTests\Dp.Creational.Builder.UnitTests.csproj", "{E265880E-CC3D-40AA-B012-EDABDB26B9A8}"
EndProject
Project("{FAE04EC0-301F-11D3-BF4B-00C04F79EFBC}") = "Dp.Creational.Prototype", "Dp.Creational.Prototype\Dp.Creational.Prototype.csproj", "{5DE313BA-398B-41E8-93F3-42A521ACF52C}"
EndProject
Global
	GlobalSection(SolutionConfigurationPlatforms) = preSolution
		Debug|Any CPU = Debug|Any CPU
		Release|Any CPU = Release|Any CPU
	EndGlobalSection
	GlobalSection(ProjectConfigurationPlatforms) = postSolution
		{EC97222C-8145-4815-A086-D7E4EAEA3A65}.Debug|Any CPU.ActiveCfg = Debug|Any CPU
		{EC97222C-8145-4815-A086-D7E4EAEA3A65}.Debug|Any CPU.Build.0 = Debug|Any CPU
		{EC97222C-8145-4815-A086-D7E4EAEA3A65}.Release|Any CPU.ActiveCfg = Release|Any CPU
		{EC97222C-8145-4815-A086-D7E4EAEA3A65}.Release|Any CPU.Build.0 = Release|Any CPU
		{85878AF0-9787-4D36-B19F-7A706A4CBBC2}.Debug|Any CPU.ActiveCfg = Debug|Any CPU
		{85878AF0-9787-4D36-B19F-7A706A4CBBC2}.Debug|Any CPU.Build.0 = Debug|Any CPU
		{85878AF0-9787-4D36-B19F-7A706A4CBBC2}.Release|Any CPU.ActiveCfg = Release|Any CPU
		{85878AF0-9787-4D36-B19F-7A706A4CBBC2}.Release|Any CPU.Build.0 = Release|Any CPU
		{D00E4C7E-D3CE-4C8B-AFCC-832D476CF066}.Debug|Any CPU.ActiveCfg = Debug|Any CPU
		{D00E4C7E-D3CE-4C8B-AFCC-832D476CF066}.Debug|Any CPU.Build.0 = Debug|Any CPU
		{D00E4C7E-D3CE-4C8B-AFCC-832D476CF066}.Release|Any CPU.ActiveCfg = Release|Any CPU
		{D00E4C7E-D3CE-4C8B-AFCC-832D476CF066}.Release|Any CPU.Build.0 = Release|Any CPU
		{DDB41C6E-1E07-4A12-B254-DF52CD7E3EA6}.Debug|Any CPU.ActiveCfg = Debug|Any CPU
		{DDB41C6E-1E07-4A12-B254-DF52CD7E3EA6}.Debug|Any CPU.Build.0 = Debug|Any CPU
		{DDB41C6E-1E07-4A12-B254-DF52CD7E3EA6}.Release|Any CPU.ActiveCfg = Release|Any CPU
		{DDB41C6E-1E07-4A12-B254-DF52CD7E3EA6}.Release|Any CPU.Build.0 = Release|Any CPU
		{A7B14207-D499-4CF8-8D5B-B128B46AD40A}.Debug|Any CPU.ActiveCfg = Debug|Any CPU
		{A7B14207-D499-4CF8-8D5B-B128B46AD40A}.Debug|Any CPU.Build.0 = Debug|Any CPU
		{A7B14207-D499-4CF8-8D5B-B128B46AD40A}.Release|Any CPU.ActiveCfg = Release|Any CPU
		{A7B14207-D499-4CF8-8D5B-B128B46AD40A}.Release|Any CPU.Build.0 = Release|Any CPU
		{19998980-5D39-4E02-9998-FA10A7DDF1D7}.Debug|Any CPU.ActiveCfg = Debug|Any CPU
		{19998980-5D39-4E02-9998-FA10A7DDF1D7}.Debug|Any CPU.Build.0 = Debug|Any CPU
		{19998980-5D39-4E02-9998-FA10A7DDF1D7}.Release|Any CPU.ActiveCfg = Release|Any CPU
		{19998980-5D39-4E02-9998-FA10A7DDF1D7}.Release|Any CPU.Build.0 = Release|Any CPU
		{AB77D76D-DE0C-4E8D-8308-153A17E31CDF}.Debug|Any CPU.ActiveCfg = Debug|Any CPU
		{AB77D76D-DE0C-4E8D-8308-153A17E31CDF}.Debug|Any CPU.Build.0 = Debug|Any CPU
		{AB77D76D-DE0C-4E8D-8308-153A17E31CDF}.Release|Any CPU.ActiveCfg = Release|Any CPU
		{AB77D76D-DE0C-4E8D-8308-153A17E31CDF}.Release|Any CPU.Build.0 = Release|Any CPU
		{CB3BD5EF-20EE-4E21-AE0A-8175B885855A}.Debug|Any CPU.ActiveCfg = Debug|Any CPU
		{CB3BD5EF-20EE-4E21-AE0A-8175B885855A}.Debug|Any CPU.Build.0 = Debug|Any CPU
		{CB3BD5EF-20EE-4E21-AE0A-8175B885855A}.Release|Any CPU.ActiveCfg = Release|Any CPU
		{CB3BD5EF-20EE-4E21-AE0A-8175B885855A}.Release|Any CPU.Build.0 = Release|Any CPU
		{A5F56825-9B1B-4531-B688-15EB6719D429}.Debug|Any CPU.ActiveCfg = Debug|Any CPU
		{A5F56825-9B1B-4531-B688-15EB6719D429}.Debug|Any CPU.Build.0 = Debug|Any CPU
		{A5F56825-9B1B-4531-B688-15EB6719D429}.Release|Any CPU.ActiveCfg = Release|Any CPU
		{A5F56825-9B1B-4531-B688-15EB6719D429}.Release|Any CPU.Build.0 = Release|Any CPU
		{0D0CDC07-4F28-4662-BCB5-DDF6E37A6115}.Debug|Any CPU.ActiveCfg = Debug|Any CPU
		{0D0CDC07-4F28-4662-BCB5-DDF6E37A6115}.Debug|Any CPU.Build.0 = Debug|Any CPU
		{0D0CDC07-4F28-4662-BCB5-DDF6E37A6115}.Release|Any CPU.ActiveCfg = Release|Any CPU
		{0D0CDC07-4F28-4662-BCB5-DDF6E37A6115}.Release|Any CPU.Build.0 = Release|Any CPU
		{25DCCE3E-6035-4881-B96C-FF0986CFAE1D}.Debug|Any CPU.ActiveCfg = Debug|Any CPU
		{25DCCE3E-6035-4881-B96C-FF0986CFAE1D}.Debug|Any CPU.Build.0 = Debug|Any CPU
		{25DCCE3E-6035-4881-B96C-FF0986CFAE1D}.Release|Any CPU.ActiveCfg = Release|Any CPU
		{25DCCE3E-6035-4881-B96C-FF0986CFAE1D}.Release|Any CPU.Build.0 = Release|Any CPU
		{F5226252-2F1D-432D-A08B-779BB218EB90}.Debug|Any CPU.ActiveCfg = Debug|Any CPU
		{F5226252-2F1D-432D-A08B-779BB218EB90}.Debug|Any CPU.Build.0 = Debug|Any CPU
		{F5226252-2F1D-432D-A08B-779BB218EB90}.Release|Any CPU.ActiveCfg = Release|Any CPU
		{F5226252-2F1D-432D-A08B-779BB218EB90}.Release|Any CPU.Build.0 = Release|Any CPU
		{E265880E-CC3D-40AA-B012-EDABDB26B9A8}.Debug|Any CPU.ActiveCfg = Debug|Any CPU
		{E265880E-CC3D-40AA-B012-EDABDB26B9A8}.Debug|Any CPU.Build.0 = Debug|Any CPU
		{E265880E-CC3D-40AA-B012-EDABDB26B9A8}.Release|Any CPU.ActiveCfg = Release|Any CPU
		{E265880E-CC3D-40AA-B012-EDABDB26B9A8}.Release|Any CPU.Build.0 = Release|Any CPU
		{5DE313BA-398B-41E8-93F3-42A521ACF52C}.Debug|Any CPU.ActiveCfg = Debug|Any CPU
		{5DE313BA-398B-41E8-93F3-42A521ACF52C}.Debug|Any CPU.Build.0 = Debug|Any CPU
		{5DE313BA-398B-41E8-93F3-42A521ACF52C}.Release|Any CPU.ActiveCfg = Release|Any CPU
		{5DE313BA-398B-41E8-93F3-42A521ACF52C}.Release|Any CPU.Build.0 = Release|Any CPU
	EndGlobalSection
	GlobalSection(SolutionProperties) = preSolution
		HideSolutionNode = FALSE
	EndGlobalSection
	GlobalSection(ExtensibilityGlobals) = postSolution
		SolutionGuid = {0FBD5C1B-FC92-4EC7-933C-EADE422CDC27}
	EndGlobalSection
EndGlobal
