
Microsoft Visual Studio Solution File, Format Version 12.00
# Visual Studio Version 17
VisualStudioVersion = 17.6.33815.320
MinimumVisualStudioVersion = 10.0.40219.1
Project("{9A19103F-16F7-4668-BE54-9A1E7A4F7556}") = "Dp.Behavioral", "Dp.Behavioral\Dp.Behavioral.csproj", "{EC97222C-8145-4815-A086-D7E4EAEA3A65}"
EndProject
Project("{9A19103F-16F7-4668-BE54-9A1E7A4F7556}") = "Dp.Creational", "Dp.Creational\Dp.Creational.csproj", "{85878AF0-9787-4D36-B19F-7A706A4CBBC2}"
EndProject
Project("{9A19103F-16F7-4668-BE54-9A1E7A4F7556}") = "Dp.Structural", "Dp.Structural\Dp.Structural.csproj", "{D00E4C7E-D3CE-4C8B-AFCC-832D476CF066}"
EndProject
Project("{9A19103F-16F7-4668-BE54-9A1E7A4F7556}") = "Dp.Functional", "Dp.Functional\Dp.Functional.csproj", "{DDB41C6E-1E07-4A12-B254-DF52CD7E3EA6}"
EndProject
Project("{9A19103F-16F7-4668-BE54-9A1E7A4F7556}") = "Dp.Creational.UnitTests", "Dp.Creational.UnitTests\Dp.Creational.UnitTests.csproj", "{A7B14207-D499-4CF8-8D5B-B128B46AD40A}"
EndProject
Project("{2150E333-8FDC-42A3-9474-1A3956D46DE8}") = "Solution Items", "Solution Items", "{6CCE6926-E89A-473B-B25E-ABF107359849}"
	ProjectSection(SolutionItems) = preProject
		.editorconfig = .editorconfig
		.gitattributes = .gitattributes
		.gitignore = .gitignore
		Directory.Build.props = Directory.Build.props
		.github\workflows\dotnet.yml = .github\workflows\dotnet.yml
		LICENSE.txt = LICENSE.txt
		README.md = README.md
	EndProjectSection
EndProject
Project("{9A19103F-16F7-4668-BE54-9A1E7A4F7556}") = "Dp.Creational.Singleton", "Dp.Creational.Singleton\Dp.Creational.Singleton.csproj", "{19998980-5D39-4E02-9998-FA10A7DDF1D7}"
EndProject
Project("{FAE04EC0-301F-11D3-BF4B-00C04F79EFBC}") = "Dp.Creational.Singleton.UnitTests", "Dp.Creational.Singleton.UnitTests\Dp.Creational.Singleton.UnitTests.csproj", "{AB77D76D-DE0C-4E8D-8308-153A17E31CDF}"
EndProject
Project("{FAE04EC0-301F-11D3-BF4B-00C04F79EFBC}") = "Dp.Creational.FactoryMethod", "Dp.Creational.FactoryMethod\Dp.Creational.FactoryMethod.csproj", "{CB3BD5EF-20EE-4E21-AE0A-8175B885855A}"
EndProject
Project("{FAE04EC0-301F-11D3-BF4B-00C04F79EFBC}") = "Dp.Creational.FactoryMethod.UnitTests", "Tests\Dp.Creational.FactoryMethod.UnitTests\Dp.Creational.FactoryMethod.UnitTests.csproj", "{A5F56825-9B1B-4531-B688-15EB6719D429}"
EndProject
Project("{FAE04EC0-301F-11D3-BF4B-00C04F79EFBC}") = "Dp.Creational.AbstractFactory", "Dp.Creational.AbstractFactory\Dp.Creational.AbstractFactory.csproj", "{0D0CDC07-4F28-4662-BCB5-DDF6E37A6115}"
EndProject
Project("{FAE04EC0-301F-11D3-BF4B-00C04F79EFBC}") = "Dp.Creational.AbstractFactory.UnitTests", "Tests\Dp.Creational.AbstractFactory.UnitTests\Dp.Creational.AbstractFactory.UnitTests.csproj", "{25DCCE3E-6035-4881-B96C-FF0986CFAE1D}"
EndProject
Project("{FAE04EC0-301F-11D3-BF4B-00C04F79EFBC}") = "Dp.Creational.Builder", "Dp.Creational.Builder\Dp.Creational.Builder.csproj", "{F5226252-2F1D-432D-A08B-779BB218EB90}"
EndProject
Project("{FAE04EC0-301F-11D3-BF4B-00C04F79EFBC}") = "Dp.Creational.Builder.UnitTests", "Tests\Dp.Creational.Builder.UnitTests\Dp.Creational.Builder.UnitTests.csproj", "{E265880E-CC3D-40AA-B012-EDABDB26B9A8}"
EndProject
Project("{FAE04EC0-301F-11D3-BF4B-00C04F79EFBC}") = "Dp.Creational.Prototype", "Dp.Creational.Prototype\Dp.Creational.Prototype.csproj", "{5DE313BA-398B-41E8-93F3-42A521ACF52C}"
EndProject
Project("{FAE04EC0-301F-11D3-BF4B-00C04F79EFBC}") = "Dp.Creational.Prototype.UnitTests", "Tests\Dp.Creational.Prototype.UnitTests\Dp.Creational.Prototype.UnitTests.csproj", "{AF32732A-9A04-4314-ADCC-0E69FF0CBD99}"
EndProject
Project("{FAE04EC0-301F-11D3-BF4B-00C04F79EFBC}") = "Dp.Structural.Adapter", "Dp.Structural.Adapter\Dp.Structural.Adapter.csproj", "{6AA097A1-E9FB-427D-8EEB-4A26AB7066E7}"
EndProject
Project("{FAE04EC0-301F-11D3-BF4B-00C04F79EFBC}") = "Dp.Structural.Adapter.UnitTests", "Tests\Dp.Structural.Adapter.UnitTests\Dp.Structural.Adapter.UnitTests.csproj", "{275316B5-D042-4D52-8175-2705A9C15F80}"
EndProject
Project("{FAE04EC0-301F-11D3-BF4B-00C04F79EFBC}") = "Dp.Structural.Bridge", "Dp.Structural.Bridge\Dp.Structural.Bridge.csproj", "{180FCA6C-028B-4C09-AC00-0EA264A1C496}"
EndProject
Project("{FAE04EC0-301F-11D3-BF4B-00C04F79EFBC}") = "Dp.Structural.Bridge.UnitTests", "Tests\Dp.Structural.Bridge.UnitTests\Dp.Structural.Bridge.UnitTests.csproj", "{6BFFCA03-7E87-48D8-B177-48B2877F877F}"
EndProject
Project("{FAE04EC0-301F-11D3-BF4B-00C04F79EFBC}") = "Dp.Structural.Decorator", "Dp.Structural.Decorator\Dp.Structural.Decorator.csproj", "{816CEE64-8B83-4E33-B32E-0E2AD66904D5}"
EndProject
Project("{FAE04EC0-301F-11D3-BF4B-00C04F79EFBC}") = "Dp.Structural.Decorator.UnitTests", "Tests\Dp.Structural.Decorator.UnitTests\Dp.Structural.Decorator.UnitTests.csproj", "{AE86C3A9-C082-4DF1-AAA0-68CABCB32F0A}"
EndProject
Project("{FAE04EC0-301F-11D3-BF4B-00C04F79EFBC}") = "Dp.Structural.Composite", "Dp.Structural.Composite\Dp.Structural.Composite.csproj", "{490D4B1C-AE27-41CC-B66E-DA8F3B75A671}"
EndProject
Project("{FAE04EC0-301F-11D3-BF4B-00C04F79EFBC}") = "Dp.Structural.Composite.UnitTests", "Tests\Dp.Structural.Composite.UnitTests\Dp.Structural.Composite.UnitTests.csproj", "{DD5C0A35-2DFA-4724-9A78-28730DABA45E}"
EndProject
Project("{FAE04EC0-301F-11D3-BF4B-00C04F79EFBC}") = "Dp.Structural.Facade", "Dp.Structural.Facade\Dp.Structural.Facade.csproj", "{F9311594-DABC-48C3-B30F-C539FDCEABB6}"
EndProject
Project("{FAE04EC0-301F-11D3-BF4B-00C04F79EFBC}") = "Dp.Structural.Proxy", "Dp.Structural.Proxy\Dp.Structural.Proxy.csproj", "{28AFA3EB-4B54-44B2-9C11-7C127A26B6B1}"
EndProject
Project("{FAE04EC0-301F-11D3-BF4B-00C04F79EFBC}") = "Dp.Structural.Proxy.UnitTests", "Tests\Dp.Structural.Proxy.UnitTests\Dp.Structural.Proxy.UnitTests.csproj", "{05D05139-2E6B-4E1C-8EC0-CA4106DC821F}"
EndProject
Project("{FAE04EC0-301F-11D3-BF4B-00C04F79EFBC}") = "Dp.Structural.Flyweight", "Dp.Structural.Flyweight\Dp.Structural.Flyweight.csproj", "{FE5AF7ED-69D3-47CC-98C4-1C5253746261}"
EndProject
Project("{FAE04EC0-301F-11D3-BF4B-00C04F79EFBC}") = "Dp.Structural.Flyweight.UnitTests", "Tests\Dp.Structural.Flyweight.UnitTests\Dp.Structural.Flyweight.UnitTests.csproj", "{330F1357-9003-4F4B-94F1-20AA51CEFDD1}"
EndProject
Project("{FAE04EC0-301F-11D3-BF4B-00C04F79EFBC}") = "Dp.Behavioral.TemplateMethod", "Dp.Behavioral.TemplateMethod\Dp.Behavioral.TemplateMethod.csproj", "{3C5D1735-228D-40E8-A951-843116525186}"
EndProject
Project("{FAE04EC0-301F-11D3-BF4B-00C04F79EFBC}") = "Dp.Behavioral.TemplateMethod.UnitTests", "Tests\Dp.Behavioral.TemplateMethod.UnitTests\Dp.Behavioral.TemplateMethod.UnitTests.csproj", "{C6001F0E-6FC4-4911-B414-4F68983DBE51}"
EndProject
Project("{FAE04EC0-301F-11D3-BF4B-00C04F79EFBC}") = "Dp.Behavioral.Strategy", "Dp.Behavioral.Strategy\Dp.Behavioral.Strategy.csproj", "{19A7519E-2709-4E71-A154-B99D49A237DB}"
EndProject
Project("{FAE04EC0-301F-11D3-BF4B-00C04F79EFBC}") = "Dp.Behavioral.Strategy.UnitTests", "Tests\Dp.Behavioral.Strategy.UnitTests\Dp.Behavioral.Strategy.UnitTests.csproj", "{60217222-F9F0-43A0-A1FD-0842D39D8111}"
EndProject
Project("{FAE04EC0-301F-11D3-BF4B-00C04F79EFBC}") = "Dp.Behavioral.Command", "Dp.Behavioral.Command\Dp.Behavioral.Command.csproj", "{659AF8C8-A921-4ED2-A0BD-266E3B070CB3}"
EndProject
Project("{FAE04EC0-301F-11D3-BF4B-00C04F79EFBC}") = "Dp.Behavioral.Command.UnitTests", "Tests\Dp.Behavioral.Command.UnitTests\Dp.Behavioral.Command.UnitTests.csproj", "{BDB11620-6527-4319-A037-2B09266ACE46}"
EndProject
Project("{FAE04EC0-301F-11D3-BF4B-00C04F79EFBC}") = "Dp.Behavioral.Memento", "Dp.Behavioral.Memento\Dp.Behavioral.Memento.csproj", "{565D8D7A-E7F4-479D-A962-7C714217DDD5}"
EndProject
Project("{FAE04EC0-301F-11D3-BF4B-00C04F79EFBC}") = "Dp.Behavioral.Memento.UnitTests", "Tests\Dp.Behavioral.Memento.UnitTests\Dp.Behavioral.Memento.UnitTests.csproj", "{8D799930-B26D-4AD4-8004-E2FA96CAB784}"
EndProject
Project("{FAE04EC0-301F-11D3-BF4B-00C04F79EFBC}") = "Dp.Behavioral.Mediator", "Dp.Behavioral.Mediator\Dp.Behavioral.Mediator.csproj", "{7B57BA75-5060-4201-A0B5-13E2063EFBC7}"
EndProject
Project("{FAE04EC0-301F-11D3-BF4B-00C04F79EFBC}") = "Dp.Behavioral.Mediator.UnitTests", "Tests\Dp.Behavioral.Mediator.UnitTests\Dp.Behavioral.Mediator.UnitTests.csproj", "{C58C85B8-467F-450D-8CD5-65814955E3B9}"
EndProject
Project("{FAE04EC0-301F-11D3-BF4B-00C04F79EFBC}") = "Dp.Behavioral.ChainOfResponsibility", "Dp.Behavioral.ChainOfResponsibility\Dp.Behavioral.ChainOfResponsibility.csproj", "{8C976FA3-4964-4A7C-9878-7E8C0A04CD4E}"
EndProject
Project("{FAE04EC0-301F-11D3-BF4B-00C04F79EFBC}") = "Dp.Behavioral.ChainOfResponsibility.UnitTests", "Tests\Dp.Behavioral.ChainOfResponsibility.UnitTests\Dp.Behavioral.ChainOfResponsibility.UnitTests.csproj", "{D7D4129C-47C5-4F4E-BE59-04463E44D0CA}"
EndProject
Project("{FAE04EC0-301F-11D3-BF4B-00C04F79EFBC}") = "Dp.Behavioral.Observer", "Dp.Behavioral.Observer\Dp.Behavioral.Observer.csproj", "{489DDDB6-6F8C-462E-B751-F024C58C0E63}"
EndProject
Project("{FAE04EC0-301F-11D3-BF4B-00C04F79EFBC}") = "Dp.Behavioral.Observer.UnitTests", "Tests\Dp.Behavioral.Observer.UnitTests\Dp.Behavioral.Observer.UnitTests.csproj", "{9172278D-9C95-4C1D-AFB5-3055B35C880A}"
EndProject
Global
	GlobalSection(SolutionConfigurationPlatforms) = preSolution
		Debug|Any CPU = Debug|Any CPU
		Release|Any CPU = Release|Any CPU
	EndGlobalSection
	GlobalSection(ProjectConfigurationPlatforms) = postSolution
		{EC97222C-8145-4815-A086-D7E4EAEA3A65}.Debug|Any CPU.ActiveCfg = Debug|Any CPU
		{EC97222C-8145-4815-A086-D7E4EAEA3A65}.Debug|Any CPU.Build.0 = Debug|Any CPU
		{EC97222C-8145-4815-A086-D7E4EAEA3A65}.Release|Any CPU.ActiveCfg = Release|Any CPU
		{EC97222C-8145-4815-A086-D7E4EAEA3A65}.Release|Any CPU.Build.0 = Release|Any CPU
		{85878AF0-9787-4D36-B19F-7A706A4CBBC2}.Debug|Any CPU.ActiveCfg = Debug|Any CPU
		{85878AF0-9787-4D36-B19F-7A706A4CBBC2}.Debug|Any CPU.Build.0 = Debug|Any CPU
		{85878AF0-9787-4D36-B19F-7A706A4CBBC2}.Release|Any CPU.ActiveCfg = Release|Any CPU
		{85878AF0-9787-4D36-B19F-7A706A4CBBC2}.Release|Any CPU.Build.0 = Release|Any CPU
		{D00E4C7E-D3CE-4C8B-AFCC-832D476CF066}.Debug|Any CPU.ActiveCfg = Debug|Any CPU
		{D00E4C7E-D3CE-4C8B-AFCC-832D476CF066}.Debug|Any CPU.Build.0 = Debug|Any CPU
		{D00E4C7E-D3CE-4C8B-AFCC-832D476CF066}.Release|Any CPU.ActiveCfg = Release|Any CPU
		{D00E4C7E-D3CE-4C8B-AFCC-832D476CF066}.Release|Any CPU.Build.0 = Release|Any CPU
		{DDB41C6E-1E07-4A12-B254-DF52CD7E3EA6}.Debug|Any CPU.ActiveCfg = Debug|Any CPU
		{DDB41C6E-1E07-4A12-B254-DF52CD7E3EA6}.Debug|Any CPU.Build.0 = Debug|Any CPU
		{DDB41C6E-1E07-4A12-B254-DF52CD7E3EA6}.Release|Any CPU.ActiveCfg = Release|Any CPU
		{DDB41C6E-1E07-4A12-B254-DF52CD7E3EA6}.Release|Any CPU.Build.0 = Release|Any CPU
		{A7B14207-D499-4CF8-8D5B-B128B46AD40A}.Debug|Any CPU.ActiveCfg = Debug|Any CPU
		{A7B14207-D499-4CF8-8D5B-B128B46AD40A}.Debug|Any CPU.Build.0 = Debug|Any CPU
		{A7B14207-D499-4CF8-8D5B-B128B46AD40A}.Release|Any CPU.ActiveCfg = Release|Any CPU
		{A7B14207-D499-4CF8-8D5B-B128B46AD40A}.Release|Any CPU.Build.0 = Release|Any CPU
		{19998980-5D39-4E02-9998-FA10A7DDF1D7}.Debug|Any CPU.ActiveCfg = Debug|Any CPU
		{19998980-5D39-4E02-9998-FA10A7DDF1D7}.Debug|Any CPU.Build.0 = Debug|Any CPU
		{19998980-5D39-4E02-9998-FA10A7DDF1D7}.Release|Any CPU.ActiveCfg = Release|Any CPU
		{19998980-5D39-4E02-9998-FA10A7DDF1D7}.Release|Any CPU.Build.0 = Release|Any CPU
		{AB77D76D-DE0C-4E8D-8308-153A17E31CDF}.Debug|Any CPU.ActiveCfg = Debug|Any CPU
		{AB77D76D-DE0C-4E8D-8308-153A17E31CDF}.Debug|Any CPU.Build.0 = Debug|Any CPU
		{AB77D76D-DE0C-4E8D-8308-153A17E31CDF}.Release|Any CPU.ActiveCfg = Release|Any CPU
		{AB77D76D-DE0C-4E8D-8308-153A17E31CDF}.Release|Any CPU.Build.0 = Release|Any CPU
		{CB3BD5EF-20EE-4E21-AE0A-8175B885855A}.Debug|Any CPU.ActiveCfg = Debug|Any CPU
		{CB3BD5EF-20EE-4E21-AE0A-8175B885855A}.Debug|Any CPU.Build.0 = Debug|Any CPU
		{CB3BD5EF-20EE-4E21-AE0A-8175B885855A}.Release|Any CPU.ActiveCfg = Release|Any CPU
		{CB3BD5EF-20EE-4E21-AE0A-8175B885855A}.Release|Any CPU.Build.0 = Release|Any CPU
		{A5F56825-9B1B-4531-B688-15EB6719D429}.Debug|Any CPU.ActiveCfg = Debug|Any CPU
		{A5F56825-9B1B-4531-B688-15EB6719D429}.Debug|Any CPU.Build.0 = Debug|Any CPU
		{A5F56825-9B1B-4531-B688-15EB6719D429}.Release|Any CPU.ActiveCfg = Release|Any CPU
		{A5F56825-9B1B-4531-B688-15EB6719D429}.Release|Any CPU.Build.0 = Release|Any CPU
		{0D0CDC07-4F28-4662-BCB5-DDF6E37A6115}.Debug|Any CPU.ActiveCfg = Debug|Any CPU
		{0D0CDC07-4F28-4662-BCB5-DDF6E37A6115}.Debug|Any CPU.Build.0 = Debug|Any CPU
		{0D0CDC07-4F28-4662-BCB5-DDF6E37A6115}.Release|Any CPU.ActiveCfg = Release|Any CPU
		{0D0CDC07-4F28-4662-BCB5-DDF6E37A6115}.Release|Any CPU.Build.0 = Release|Any CPU
		{25DCCE3E-6035-4881-B96C-FF0986CFAE1D}.Debug|Any CPU.ActiveCfg = Debug|Any CPU
		{25DCCE3E-6035-4881-B96C-FF0986CFAE1D}.Debug|Any CPU.Build.0 = Debug|Any CPU
		{25DCCE3E-6035-4881-B96C-FF0986CFAE1D}.Release|Any CPU.ActiveCfg = Release|Any CPU
		{25DCCE3E-6035-4881-B96C-FF0986CFAE1D}.Release|Any CPU.Build.0 = Release|Any CPU
		{F5226252-2F1D-432D-A08B-779BB218EB90}.Debug|Any CPU.ActiveCfg = Debug|Any CPU
		{F5226252-2F1D-432D-A08B-779BB218EB90}.Debug|Any CPU.Build.0 = Debug|Any CPU
		{F5226252-2F1D-432D-A08B-779BB218EB90}.Release|Any CPU.ActiveCfg = Release|Any CPU
		{F5226252-2F1D-432D-A08B-779BB218EB90}.Release|Any CPU.Build.0 = Release|Any CPU
		{E265880E-CC3D-40AA-B012-EDABDB26B9A8}.Debug|Any CPU.ActiveCfg = Debug|Any CPU
		{E265880E-CC3D-40AA-B012-EDABDB26B9A8}.Debug|Any CPU.Build.0 = Debug|Any CPU
		{E265880E-CC3D-40AA-B012-EDABDB26B9A8}.Release|Any CPU.ActiveCfg = Release|Any CPU
		{E265880E-CC3D-40AA-B012-EDABDB26B9A8}.Release|Any CPU.Build.0 = Release|Any CPU
		{5DE313BA-398B-41E8-93F3-42A521ACF52C}.Debug|Any CPU.ActiveCfg = Debug|Any CPU
		{5DE313BA-398B-41E8-93F3-42A521ACF52C}.Debug|Any CPU.Build.0 = Debug|Any CPU
		{5DE313BA-398B-41E8-93F3-42A521ACF52C}.Release|Any CPU.ActiveCfg = Release|Any CPU
		{5DE313BA-398B-41E8-93F3-42A521ACF52C}.Release|Any CPU.Build.0 = Release|Any CPU
		{AF32732A-9A04-4314-ADCC-0E69FF0CBD99}.Debug|Any CPU.ActiveCfg = Debug|Any CPU
		{AF32732A-9A04-4314-ADCC-0E69FF0CBD99}.Debug|Any CPU.Build.0 = Debug|Any CPU
		{AF32732A-9A04-4314-ADCC-0E69FF0CBD99}.Release|Any CPU.ActiveCfg = Release|Any CPU
		{AF32732A-9A04-4314-ADCC-0E69FF0CBD99}.Release|Any CPU.Build.0 = Release|Any CPU
		{6AA097A1-E9FB-427D-8EEB-4A26AB7066E7}.Debug|Any CPU.ActiveCfg = Debug|Any CPU
		{6AA097A1-E9FB-427D-8EEB-4A26AB7066E7}.Debug|Any CPU.Build.0 = Debug|Any CPU
		{6AA097A1-E9FB-427D-8EEB-4A26AB7066E7}.Release|Any CPU.ActiveCfg = Release|Any CPU
		{6AA097A1-E9FB-427D-8EEB-4A26AB7066E7}.Release|Any CPU.Build.0 = Release|Any CPU
		{275316B5-D042-4D52-8175-2705A9C15F80}.Debug|Any CPU.ActiveCfg = Debug|Any CPU
		{275316B5-D042-4D52-8175-2705A9C15F80}.Debug|Any CPU.Build.0 = Debug|Any CPU
		{275316B5-D042-4D52-8175-2705A9C15F80}.Release|Any CPU.ActiveCfg = Release|Any CPU
		{275316B5-D042-4D52-8175-2705A9C15F80}.Release|Any CPU.Build.0 = Release|Any CPU
		{180FCA6C-028B-4C09-AC00-0EA264A1C496}.Debug|Any CPU.ActiveCfg = Debug|Any CPU
		{180FCA6C-028B-4C09-AC00-0EA264A1C496}.Debug|Any CPU.Build.0 = Debug|Any CPU
		{180FCA6C-028B-4C09-AC00-0EA264A1C496}.Release|Any CPU.ActiveCfg = Release|Any CPU
		{180FCA6C-028B-4C09-AC00-0EA264A1C496}.Release|Any CPU.Build.0 = Release|Any CPU
		{6BFFCA03-7E87-48D8-B177-48B2877F877F}.Debug|Any CPU.ActiveCfg = Debug|Any CPU
		{6BFFCA03-7E87-48D8-B177-48B2877F877F}.Debug|Any CPU.Build.0 = Debug|Any CPU
		{6BFFCA03-7E87-48D8-B177-48B2877F877F}.Release|Any CPU.ActiveCfg = Release|Any CPU
		{6BFFCA03-7E87-48D8-B177-48B2877F877F}.Release|Any CPU.Build.0 = Release|Any CPU
		{816CEE64-8B83-4E33-B32E-0E2AD66904D5}.Debug|Any CPU.ActiveCfg = Debug|Any CPU
		{816CEE64-8B83-4E33-B32E-0E2AD66904D5}.Debug|Any CPU.Build.0 = Debug|Any CPU
		{816CEE64-8B83-4E33-B32E-0E2AD66904D5}.Release|Any CPU.ActiveCfg = Release|Any CPU
		{816CEE64-8B83-4E33-B32E-0E2AD66904D5}.Release|Any CPU.Build.0 = Release|Any CPU
		{AE86C3A9-C082-4DF1-AAA0-68CABCB32F0A}.Debug|Any CPU.ActiveCfg = Debug|Any CPU
		{AE86C3A9-C082-4DF1-AAA0-68CABCB32F0A}.Debug|Any CPU.Build.0 = Debug|Any CPU
		{AE86C3A9-C082-4DF1-AAA0-68CABCB32F0A}.Release|Any CPU.ActiveCfg = Release|Any CPU
		{AE86C3A9-C082-4DF1-AAA0-68CABCB32F0A}.Release|Any CPU.Build.0 = Release|Any CPU
		{490D4B1C-AE27-41CC-B66E-DA8F3B75A671}.Debug|Any CPU.ActiveCfg = Debug|Any CPU
		{490D4B1C-AE27-41CC-B66E-DA8F3B75A671}.Debug|Any CPU.Build.0 = Debug|Any CPU
		{490D4B1C-AE27-41CC-B66E-DA8F3B75A671}.Release|Any CPU.ActiveCfg = Release|Any CPU
		{490D4B1C-AE27-41CC-B66E-DA8F3B75A671}.Release|Any CPU.Build.0 = Release|Any CPU
		{DD5C0A35-2DFA-4724-9A78-28730DABA45E}.Debug|Any CPU.ActiveCfg = Debug|Any CPU
		{DD5C0A35-2DFA-4724-9A78-28730DABA45E}.Debug|Any CPU.Build.0 = Debug|Any CPU
		{DD5C0A35-2DFA-4724-9A78-28730DABA45E}.Release|Any CPU.ActiveCfg = Release|Any CPU
		{DD5C0A35-2DFA-4724-9A78-28730DABA45E}.Release|Any CPU.Build.0 = Release|Any CPU
		{F9311594-DABC-48C3-B30F-C539FDCEABB6}.Debug|Any CPU.ActiveCfg = Debug|Any CPU
		{F9311594-DABC-48C3-B30F-C539FDCEABB6}.Debug|Any CPU.Build.0 = Debug|Any CPU
		{F9311594-DABC-48C3-B30F-C539FDCEABB6}.Release|Any CPU.ActiveCfg = Release|Any CPU
		{F9311594-DABC-48C3-B30F-C539FDCEABB6}.Release|Any CPU.Build.0 = Release|Any CPU
		{28AFA3EB-4B54-44B2-9C11-7C127A26B6B1}.Debug|Any CPU.ActiveCfg = Debug|Any CPU
		{28AFA3EB-4B54-44B2-9C11-7C127A26B6B1}.Debug|Any CPU.Build.0 = Debug|Any CPU
		{28AFA3EB-4B54-44B2-9C11-7C127A26B6B1}.Release|Any CPU.ActiveCfg = Release|Any CPU
		{28AFA3EB-4B54-44B2-9C11-7C127A26B6B1}.Release|Any CPU.Build.0 = Release|Any CPU
		{05D05139-2E6B-4E1C-8EC0-CA4106DC821F}.Debug|Any CPU.ActiveCfg = Debug|Any CPU
		{05D05139-2E6B-4E1C-8EC0-CA4106DC821F}.Debug|Any CPU.Build.0 = Debug|Any CPU
		{05D05139-2E6B-4E1C-8EC0-CA4106DC821F}.Release|Any CPU.ActiveCfg = Release|Any CPU
		{05D05139-2E6B-4E1C-8EC0-CA4106DC821F}.Release|Any CPU.Build.0 = Release|Any CPU
		{FE5AF7ED-69D3-47CC-98C4-1C5253746261}.Debug|Any CPU.ActiveCfg = Debug|Any CPU
		{FE5AF7ED-69D3-47CC-98C4-1C5253746261}.Debug|Any CPU.Build.0 = Debug|Any CPU
		{FE5AF7ED-69D3-47CC-98C4-1C5253746261}.Release|Any CPU.ActiveCfg = Release|Any CPU
		{FE5AF7ED-69D3-47CC-98C4-1C5253746261}.Release|Any CPU.Build.0 = Release|Any CPU
		{330F1357-9003-4F4B-94F1-20AA51CEFDD1}.Debug|Any CPU.ActiveCfg = Debug|Any CPU
		{330F1357-9003-4F4B-94F1-20AA51CEFDD1}.Debug|Any CPU.Build.0 = Debug|Any CPU
		{330F1357-9003-4F4B-94F1-20AA51CEFDD1}.Release|Any CPU.ActiveCfg = Release|Any CPU
		{330F1357-9003-4F4B-94F1-20AA51CEFDD1}.Release|Any CPU.Build.0 = Release|Any CPU
		{3C5D1735-228D-40E8-A951-843116525186}.Debug|Any CPU.ActiveCfg = Debug|Any CPU
		{3C5D1735-228D-40E8-A951-843116525186}.Debug|Any CPU.Build.0 = Debug|Any CPU
		{3C5D1735-228D-40E8-A951-843116525186}.Release|Any CPU.ActiveCfg = Release|Any CPU
		{3C5D1735-228D-40E8-A951-843116525186}.Release|Any CPU.Build.0 = Release|Any CPU
		{C6001F0E-6FC4-4911-B414-4F68983DBE51}.Debug|Any CPU.ActiveCfg = Debug|Any CPU
		{C6001F0E-6FC4-4911-B414-4F68983DBE51}.Debug|Any CPU.Build.0 = Debug|Any CPU
		{C6001F0E-6FC4-4911-B414-4F68983DBE51}.Release|Any CPU.ActiveCfg = Release|Any CPU
		{C6001F0E-6FC4-4911-B414-4F68983DBE51}.Release|Any CPU.Build.0 = Release|Any CPU
		{19A7519E-2709-4E71-A154-B99D49A237DB}.Debug|Any CPU.ActiveCfg = Debug|Any CPU
		{19A7519E-2709-4E71-A154-B99D49A237DB}.Debug|Any CPU.Build.0 = Debug|Any CPU
		{19A7519E-2709-4E71-A154-B99D49A237DB}.Release|Any CPU.ActiveCfg = Release|Any CPU
		{19A7519E-2709-4E71-A154-B99D49A237DB}.Release|Any CPU.Build.0 = Release|Any CPU
		{60217222-F9F0-43A0-A1FD-0842D39D8111}.Debug|Any CPU.ActiveCfg = Debug|Any CPU
		{60217222-F9F0-43A0-A1FD-0842D39D8111}.Debug|Any CPU.Build.0 = Debug|Any CPU
		{60217222-F9F0-43A0-A1FD-0842D39D8111}.Release|Any CPU.ActiveCfg = Release|Any CPU
		{60217222-F9F0-43A0-A1FD-0842D39D8111}.Release|Any CPU.Build.0 = Release|Any CPU
		{659AF8C8-A921-4ED2-A0BD-266E3B070CB3}.Debug|Any CPU.ActiveCfg = Debug|Any CPU
		{659AF8C8-A921-4ED2-A0BD-266E3B070CB3}.Debug|Any CPU.Build.0 = Debug|Any CPU
		{659AF8C8-A921-4ED2-A0BD-266E3B070CB3}.Release|Any CPU.ActiveCfg = Release|Any CPU
		{659AF8C8-A921-4ED2-A0BD-266E3B070CB3}.Release|Any CPU.Build.0 = Release|Any CPU
		{BDB11620-6527-4319-A037-2B09266ACE46}.Debug|Any CPU.ActiveCfg = Debug|Any CPU
		{BDB11620-6527-4319-A037-2B09266ACE46}.Debug|Any CPU.Build.0 = Debug|Any CPU
		{BDB11620-6527-4319-A037-2B09266ACE46}.Release|Any CPU.ActiveCfg = Release|Any CPU
		{BDB11620-6527-4319-A037-2B09266ACE46}.Release|Any CPU.Build.0 = Release|Any CPU
		{565D8D7A-E7F4-479D-A962-7C714217DDD5}.Debug|Any CPU.ActiveCfg = Debug|Any CPU
		{565D8D7A-E7F4-479D-A962-7C714217DDD5}.Debug|Any CPU.Build.0 = Debug|Any CPU
		{565D8D7A-E7F4-479D-A962-7C714217DDD5}.Release|Any CPU.ActiveCfg = Release|Any CPU
		{565D8D7A-E7F4-479D-A962-7C714217DDD5}.Release|Any CPU.Build.0 = Release|Any CPU
		{8D799930-B26D-4AD4-8004-E2FA96CAB784}.Debug|Any CPU.ActiveCfg = Debug|Any CPU
		{8D799930-B26D-4AD4-8004-E2FA96CAB784}.Debug|Any CPU.Build.0 = Debug|Any CPU
		{8D799930-B26D-4AD4-8004-E2FA96CAB784}.Release|Any CPU.ActiveCfg = Release|Any CPU
		{8D799930-B26D-4AD4-8004-E2FA96CAB784}.Release|Any CPU.Build.0 = Release|Any CPU
		{7B57BA75-5060-4201-A0B5-13E2063EFBC7}.Debug|Any CPU.ActiveCfg = Debug|Any CPU
		{7B57BA75-5060-4201-A0B5-13E2063EFBC7}.Debug|Any CPU.Build.0 = Debug|Any CPU
		{7B57BA75-5060-4201-A0B5-13E2063EFBC7}.Release|Any CPU.ActiveCfg = Release|Any CPU
		{7B57BA75-5060-4201-A0B5-13E2063EFBC7}.Release|Any CPU.Build.0 = Release|Any CPU
		{C58C85B8-467F-450D-8CD5-65814955E3B9}.Debug|Any CPU.ActiveCfg = Debug|Any CPU
		{C58C85B8-467F-450D-8CD5-65814955E3B9}.Debug|Any CPU.Build.0 = Debug|Any CPU
		{C58C85B8-467F-450D-8CD5-65814955E3B9}.Release|Any CPU.ActiveCfg = Release|Any CPU
		{C58C85B8-467F-450D-8CD5-65814955E3B9}.Release|Any CPU.Build.0 = Release|Any CPU
		{8C976FA3-4964-4A7C-9878-7E8C0A04CD4E}.Debug|Any CPU.ActiveCfg = Debug|Any CPU
		{8C976FA3-4964-4A7C-9878-7E8C0A04CD4E}.Debug|Any CPU.Build.0 = Debug|Any CPU
		{8C976FA3-4964-4A7C-9878-7E8C0A04CD4E}.Release|Any CPU.ActiveCfg = Release|Any CPU
		{8C976FA3-4964-4A7C-9878-7E8C0A04CD4E}.Release|Any CPU.Build.0 = Release|Any CPU
		{D7D4129C-47C5-4F4E-BE59-04463E44D0CA}.Debug|Any CPU.ActiveCfg = Debug|Any CPU
		{D7D4129C-47C5-4F4E-BE59-04463E44D0CA}.Debug|Any CPU.Build.0 = Debug|Any CPU
		{D7D4129C-47C5-4F4E-BE59-04463E44D0CA}.Release|Any CPU.ActiveCfg = Release|Any CPU
		{D7D4129C-47C5-4F4E-BE59-04463E44D0CA}.Release|Any CPU.Build.0 = Release|Any CPU
		{489DDDB6-6F8C-462E-B751-F024C58C0E63}.Debug|Any CPU.ActiveCfg = Debug|Any CPU
		{489DDDB6-6F8C-462E-B751-F024C58C0E63}.Debug|Any CPU.Build.0 = Debug|Any CPU
		{489DDDB6-6F8C-462E-B751-F024C58C0E63}.Release|Any CPU.ActiveCfg = Release|Any CPU
		{489DDDB6-6F8C-462E-B751-F024C58C0E63}.Release|Any CPU.Build.0 = Release|Any CPU
		{9172278D-9C95-4C1D-AFB5-3055B35C880A}.Debug|Any CPU.ActiveCfg = Debug|Any CPU
		{9172278D-9C95-4C1D-AFB5-3055B35C880A}.Debug|Any CPU.Build.0 = Debug|Any CPU
		{9172278D-9C95-4C1D-AFB5-3055B35C880A}.Release|Any CPU.ActiveCfg = Release|Any CPU
		{9172278D-9C95-4C1D-AFB5-3055B35C880A}.Release|Any CPU.Build.0 = Release|Any CPU
	EndGlobalSection
	GlobalSection(SolutionProperties) = preSolution
		HideSolutionNode = FALSE
	EndGlobalSection
	GlobalSection(ExtensibilityGlobals) = postSolution
		SolutionGuid = {0FBD5C1B-FC92-4EC7-933C-EADE422CDC27}
	EndGlobalSection
EndGlobal
